
Microsoft Visual Studio Solution File, Format Version 12.00
Project("{FAE04EC0-301F-11D3-BF4B-00C04F79EFBC}") = "EventService.Api", "EventService\EventService.Api\EventService.Api.csproj", "{0CA323B8-0C42-46D6-89D4-CFFF3182D93D}"
EndProject
Project("{2150E333-8FDC-42A3-9474-1A3956D46DE8}") = "EventService", "EventService", "{D378A933-66F1-4097-AA5E-EEF33B3C7659}"
EndProject
Project("{FAE04EC0-301F-11D3-BF4B-00C04F79EFBC}") = "EventService.Application", "EventService\EventService.Application\EventService.Application.csproj", "{5FAC988D-9D27-4807-8E93-EA13F3497D68}"
EndProject
Project("{FAE04EC0-301F-11D3-BF4B-00C04F79EFBC}") = "EventService.Domain", "EventService\EventService.Domain\EventService.Domain.csproj", "{0AC9A082-0786-44BF-B78E-08AB5822D2C7}"
EndProject
Project("{FAE04EC0-301F-11D3-BF4B-00C04F79EFBC}") = "EventService.Infrastructure", "EventService\EventService.Infrastructure\EventService.Infrastructure.csproj", "{A48F864C-3161-463A-975C-AC858F346885}"
EndProject
Global
	GlobalSection(SolutionConfigurationPlatforms) = preSolution
		Debug|Any CPU = Debug|Any CPU
		Release|Any CPU = Release|Any CPU
	EndGlobalSection
	GlobalSection(ProjectConfigurationPlatforms) = postSolution
		{0CA323B8-0C42-46D6-89D4-CFFF3182D93D}.Debug|Any CPU.ActiveCfg = Debug|Any CPU
		{0CA323B8-0C42-46D6-89D4-CFFF3182D93D}.Debug|Any CPU.Build.0 = Debug|Any CPU
		{0CA323B8-0C42-46D6-89D4-CFFF3182D93D}.Release|Any CPU.ActiveCfg = Release|Any CPU
		{0CA323B8-0C42-46D6-89D4-CFFF3182D93D}.Release|Any CPU.Build.0 = Release|Any CPU
		{5FAC988D-9D27-4807-8E93-EA13F3497D68}.Debug|Any CPU.ActiveCfg = Debug|Any CPU
		{5FAC988D-9D27-4807-8E93-EA13F3497D68}.Debug|Any CPU.Build.0 = Debug|Any CPU
		{5FAC988D-9D27-4807-8E93-EA13F3497D68}.Release|Any CPU.ActiveCfg = Release|Any CPU
		{5FAC988D-9D27-4807-8E93-EA13F3497D68}.Release|Any CPU.Build.0 = Release|Any CPU
		{0AC9A082-0786-44BF-B78E-08AB5822D2C7}.Debug|Any CPU.ActiveCfg = Debug|Any CPU
		{0AC9A082-0786-44BF-B78E-08AB5822D2C7}.Debug|Any CPU.Build.0 = Debug|Any CPU
		{0AC9A082-0786-44BF-B78E-08AB5822D2C7}.Release|Any CPU.ActiveCfg = Release|Any CPU
		{0AC9A082-0786-44BF-B78E-08AB5822D2C7}.Release|Any CPU.Build.0 = Release|Any CPU
		{A48F864C-3161-463A-975C-AC858F346885}.Debug|Any CPU.ActiveCfg = Debug|Any CPU
		{A48F864C-3161-463A-975C-AC858F346885}.Debug|Any CPU.Build.0 = Debug|Any CPU
		{A48F864C-3161-463A-975C-AC858F346885}.Release|Any CPU.ActiveCfg = Release|Any CPU
		{A48F864C-3161-463A-975C-AC858F346885}.Release|Any CPU.Build.0 = Release|Any CPU
	EndGlobalSection
	GlobalSection(NestedProjects) = preSolution
		{0CA323B8-0C42-46D6-89D4-CFFF3182D93D} = {D378A933-66F1-4097-AA5E-EEF33B3C7659}
		{5FAC988D-9D27-4807-8E93-EA13F3497D68} = {D378A933-66F1-4097-AA5E-EEF33B3C7659}
		{0AC9A082-0786-44BF-B78E-08AB5822D2C7} = {D378A933-66F1-4097-AA5E-EEF33B3C7659}
		{A48F864C-3161-463A-975C-AC858F346885} = {D378A933-66F1-4097-AA5E-EEF33B3C7659}
	EndGlobalSection
EndGlobal
