
Microsoft Visual Studio Solution File, Format Version 12.00
Project("{FAE04EC0-301F-11D3-BF4B-00C04F79EFBC}") = "EventService.Api", "EventService\EventService.Api\EventService.Api.csproj", "{0CA323B8-0C42-46D6-89D4-CFFF3182D93D}"
EndProject
Project("{2150E333-8FDC-42A3-9474-1A3956D46DE8}") = "EventService", "EventService", "{D378A933-66F1-4097-AA5E-EEF33B3C7659}"
EndProject
Project("{FAE04EC0-301F-11D3-BF4B-00C04F79EFBC}") = "EventService.Application", "EventService\EventService.Application\EventService.Application.csproj", "{5FAC988D-9D27-4807-8E93-EA13F3497D68}"
EndProject
Project("{FAE04EC0-301F-11D3-BF4B-00C04F79EFBC}") = "EventService.Domain", "EventService\EventService.Domain\EventService.Domain.csproj", "{0AC9A082-0786-44BF-B78E-08AB5822D2C7}"
EndProject
Project("{FAE04EC0-301F-11D3-BF4B-00C04F79EFBC}") = "EventService.Infrastructure", "EventService\EventService.Infrastructure\EventService.Infrastructure.csproj", "{A48F864C-3161-463A-975C-AC858F346885}"
EndProject
Project("{2150E333-8FDC-42A3-9474-1A3956D46DE8}") = "TicketService", "TicketService", "{259A0B5D-D08C-4FE1-9714-F5A3BEB96616}"
EndProject
Project("{FAE04EC0-301F-11D3-BF4B-00C04F79EFBC}") = "TicketService.Api", "TicketService\TicketService.Api\TicketService.Api.csproj", "{E5C82235-7A09-430D-ABE7-80F6B66A52CC}"
EndProject
Project("{FAE04EC0-301F-11D3-BF4B-00C04F79EFBC}") = "TicketService.Application", "TicketService\TicketService.Application\TicketService.Application.csproj", "{9DA706BA-B83C-4A1E-9DE6-87CB0584ABDD}"
EndProject
Project("{FAE04EC0-301F-11D3-BF4B-00C04F79EFBC}") = "TicketService.Domain", "TicketService\TicketService.Domain\TicketService.Domain.csproj", "{EB3523A3-E80A-4E0C-881C-BE4B9382992C}"
EndProject
Project("{FAE04EC0-301F-11D3-BF4B-00C04F79EFBC}") = "TicketService.Infrastructure", "TicketService\TicketService.Infrastructure\TicketService.Infrastructure.csproj", "{C211CFDB-9A45-4808-8C83-97F6335B761E}"
EndProject
Global
	GlobalSection(SolutionConfigurationPlatforms) = preSolution
		Debug|Any CPU = Debug|Any CPU
		Release|Any CPU = Release|Any CPU
	EndGlobalSection
	GlobalSection(ProjectConfigurationPlatforms) = postSolution
		{0CA323B8-0C42-46D6-89D4-CFFF3182D93D}.Debug|Any CPU.ActiveCfg = Debug|Any CPU
		{0CA323B8-0C42-46D6-89D4-CFFF3182D93D}.Debug|Any CPU.Build.0 = Debug|Any CPU
		{0CA323B8-0C42-46D6-89D4-CFFF3182D93D}.Release|Any CPU.ActiveCfg = Release|Any CPU
		{0CA323B8-0C42-46D6-89D4-CFFF3182D93D}.Release|Any CPU.Build.0 = Release|Any CPU
		{5FAC988D-9D27-4807-8E93-EA13F3497D68}.Debug|Any CPU.ActiveCfg = Debug|Any CPU
		{5FAC988D-9D27-4807-8E93-EA13F3497D68}.Debug|Any CPU.Build.0 = Debug|Any CPU
		{5FAC988D-9D27-4807-8E93-EA13F3497D68}.Release|Any CPU.ActiveCfg = Release|Any CPU
		{5FAC988D-9D27-4807-8E93-EA13F3497D68}.Release|Any CPU.Build.0 = Release|Any CPU
		{0AC9A082-0786-44BF-B78E-08AB5822D2C7}.Debug|Any CPU.ActiveCfg = Debug|Any CPU
		{0AC9A082-0786-44BF-B78E-08AB5822D2C7}.Debug|Any CPU.Build.0 = Debug|Any CPU
		{0AC9A082-0786-44BF-B78E-08AB5822D2C7}.Release|Any CPU.ActiveCfg = Release|Any CPU
		{0AC9A082-0786-44BF-B78E-08AB5822D2C7}.Release|Any CPU.Build.0 = Release|Any CPU
		{A48F864C-3161-463A-975C-AC858F346885}.Debug|Any CPU.ActiveCfg = Debug|Any CPU
		{A48F864C-3161-463A-975C-AC858F346885}.Debug|Any CPU.Build.0 = Debug|Any CPU
		{A48F864C-3161-463A-975C-AC858F346885}.Release|Any CPU.ActiveCfg = Release|Any CPU
		{A48F864C-3161-463A-975C-AC858F346885}.Release|Any CPU.Build.0 = Release|Any CPU
		{E5C82235-7A09-430D-ABE7-80F6B66A52CC}.Debug|Any CPU.ActiveCfg = Debug|Any CPU
		{E5C82235-7A09-430D-ABE7-80F6B66A52CC}.Debug|Any CPU.Build.0 = Debug|Any CPU
		{E5C82235-7A09-430D-ABE7-80F6B66A52CC}.Release|Any CPU.ActiveCfg = Release|Any CPU
		{E5C82235-7A09-430D-ABE7-80F6B66A52CC}.Release|Any CPU.Build.0 = Release|Any CPU
		{9DA706BA-B83C-4A1E-9DE6-87CB0584ABDD}.Debug|Any CPU.ActiveCfg = Debug|Any CPU
		{9DA706BA-B83C-4A1E-9DE6-87CB0584ABDD}.Debug|Any CPU.Build.0 = Debug|Any CPU
		{9DA706BA-B83C-4A1E-9DE6-87CB0584ABDD}.Release|Any CPU.ActiveCfg = Release|Any CPU
		{9DA706BA-B83C-4A1E-9DE6-87CB0584ABDD}.Release|Any CPU.Build.0 = Release|Any CPU
		{EB3523A3-E80A-4E0C-881C-BE4B9382992C}.Debug|Any CPU.ActiveCfg = Debug|Any CPU
		{EB3523A3-E80A-4E0C-881C-BE4B9382992C}.Debug|Any CPU.Build.0 = Debug|Any CPU
		{EB3523A3-E80A-4E0C-881C-BE4B9382992C}.Release|Any CPU.ActiveCfg = Release|Any CPU
		{EB3523A3-E80A-4E0C-881C-BE4B9382992C}.Release|Any CPU.Build.0 = Release|Any CPU
		{C211CFDB-9A45-4808-8C83-97F6335B761E}.Debug|Any CPU.ActiveCfg = Debug|Any CPU
		{C211CFDB-9A45-4808-8C83-97F6335B761E}.Debug|Any CPU.Build.0 = Debug|Any CPU
		{C211CFDB-9A45-4808-8C83-97F6335B761E}.Release|Any CPU.ActiveCfg = Release|Any CPU
		{C211CFDB-9A45-4808-8C83-97F6335B761E}.Release|Any CPU.Build.0 = Release|Any CPU
	EndGlobalSection
	GlobalSection(NestedProjects) = preSolution
		{0CA323B8-0C42-46D6-89D4-CFFF3182D93D} = {D378A933-66F1-4097-AA5E-EEF33B3C7659}
		{5FAC988D-9D27-4807-8E93-EA13F3497D68} = {D378A933-66F1-4097-AA5E-EEF33B3C7659}
		{0AC9A082-0786-44BF-B78E-08AB5822D2C7} = {D378A933-66F1-4097-AA5E-EEF33B3C7659}
		{A48F864C-3161-463A-975C-AC858F346885} = {D378A933-66F1-4097-AA5E-EEF33B3C7659}
		{E5C82235-7A09-430D-ABE7-80F6B66A52CC} = {259A0B5D-D08C-4FE1-9714-F5A3BEB96616}
		{9DA706BA-B83C-4A1E-9DE6-87CB0584ABDD} = {259A0B5D-D08C-4FE1-9714-F5A3BEB96616}
		{EB3523A3-E80A-4E0C-881C-BE4B9382992C} = {259A0B5D-D08C-4FE1-9714-F5A3BEB96616}
		{C211CFDB-9A45-4808-8C83-97F6335B761E} = {259A0B5D-D08C-4FE1-9714-F5A3BEB96616}
	EndGlobalSection
EndGlobal
